
Microsoft Visual Studio Solution File, Format Version 12.00
# Visual Studio Version 17
VisualStudioVersion = 17.14.36408.4
MinimumVisualStudioVersion = 10.0.40219.1
Project("{FAE04EC0-301F-11D3-BF4B-00C04F79EFBC}") = "TryClangMcpServer", "TryClangMcpServer\TryClangMcpServer.csproj", "{0324DB42-FBF7-6C90-2C9B-263C65CF8D1B}"
EndProject
Project("{FAE04EC0-301F-11D3-BF4B-00C04F79EFBC}") = "TryClangMcpServer.Tests", "TryClangMcpServer.Tests\TryClangMcpServer.Tests.csproj", "{D23ECC78-975D-485A-8E71-89C07CA3028E}"
EndProject
Global
	GlobalSection(SolutionConfigurationPlatforms) = preSolution
		Debug|Any CPU = Debug|Any CPU
		Debug|x64 = Debug|x64
		Debug|x86 = Debug|x86
		Release|Any CPU = Release|Any CPU
		Release|x64 = Release|x64
		Release|x86 = Release|x86
	EndGlobalSection
	GlobalSection(ProjectConfigurationPlatforms) = postSolution
		{0324DB42-FBF7-6C90-2C9B-263C65CF8D1B}.Debug|Any CPU.ActiveCfg = Debug|Any CPU
		{0324DB42-FBF7-6C90-2C9B-263C65CF8D1B}.Debug|Any CPU.Build.0 = Debug|Any CPU
		{0324DB42-FBF7-6C90-2C9B-263C65CF8D1B}.Debug|x64.ActiveCfg = Debug|Any CPU
		{0324DB42-FBF7-6C90-2C9B-263C65CF8D1B}.Debug|x64.Build.0 = Debug|Any CPU
		{0324DB42-FBF7-6C90-2C9B-263C65CF8D1B}.Debug|x86.ActiveCfg = Debug|Any CPU
		{0324DB42-FBF7-6C90-2C9B-263C65CF8D1B}.Debug|x86.Build.0 = Debug|Any CPU
		{0324DB42-FBF7-6C90-2C9B-263C65CF8D1B}.Release|Any CPU.ActiveCfg = Release|Any CPU
		{0324DB42-FBF7-6C90-2C9B-263C65CF8D1B}.Release|Any CPU.Build.0 = Release|Any CPU
		{0324DB42-FBF7-6C90-2C9B-263C65CF8D1B}.Release|x64.ActiveCfg = Release|Any CPU
		{0324DB42-FBF7-6C90-2C9B-263C65CF8D1B}.Release|x64.Build.0 = Release|Any CPU
		{0324DB42-FBF7-6C90-2C9B-263C65CF8D1B}.Release|x86.ActiveCfg = Release|Any CPU
		{0324DB42-FBF7-6C90-2C9B-263C65CF8D1B}.Release|x86.Build.0 = Release|Any CPU
		{D23ECC78-975D-485A-8E71-89C07CA3028E}.Debug|Any CPU.ActiveCfg = Debug|Any CPU
		{D23ECC78-975D-485A-8E71-89C07CA3028E}.Debug|Any CPU.Build.0 = Debug|Any CPU
		{D23ECC78-975D-485A-8E71-89C07CA3028E}.Debug|x64.ActiveCfg = Debug|Any CPU
		{D23ECC78-975D-485A-8E71-89C07CA3028E}.Debug|x64.Build.0 = Debug|Any CPU
		{D23ECC78-975D-485A-8E71-89C07CA3028E}.Debug|x86.ActiveCfg = Debug|Any CPU
		{D23ECC78-975D-485A-8E71-89C07CA3028E}.Debug|x86.Build.0 = Debug|Any CPU
		{D23ECC78-975D-485A-8E71-89C07CA3028E}.Release|Any CPU.ActiveCfg = Release|Any CPU
		{D23ECC78-975D-485A-8E71-89C07CA3028E}.Release|Any CPU.Build.0 = Release|Any CPU
		{D23ECC78-975D-485A-8E71-89C07CA3028E}.Release|x64.ActiveCfg = Release|Any CPU
		{D23ECC78-975D-485A-8E71-89C07CA3028E}.Release|x64.Build.0 = Release|Any CPU
		{D23ECC78-975D-485A-8E71-89C07CA3028E}.Release|x86.ActiveCfg = Release|Any CPU
		{D23ECC78-975D-485A-8E71-89C07CA3028E}.Release|x86.Build.0 = Release|Any CPU
	EndGlobalSection
	GlobalSection(SolutionProperties) = preSolution
		HideSolutionNode = FALSE
	EndGlobalSection
	GlobalSection(ExtensibilityGlobals) = postSolution
		SolutionGuid = {ABE20C5F-A71E-4EF4-862E-BFA8CCFA43EC}
	EndGlobalSection
EndGlobal
